// !$*UTF8*$!
{
	archiveVersion = 1;
	classes = {
	};
	objectVersion = 56;
	objects = {

/* Begin PBXBuildFile section */
		1D4C83AE2A4D3D6500CEA9C8 /* SocialcademyApp.swift in Sources */ = {isa = PBXBuildFile; fileRef = 1D4C83AD2A4D3D6500CEA9C8 /* SocialcademyApp.swift */; };
		1D4C83B22A4D3D6600CEA9C8 /* Assets.xcassets in Resources */ = {isa = PBXBuildFile; fileRef = 1D4C83B12A4D3D6600CEA9C8 /* Assets.xcassets */; };
		1D4C83BF2A4D3F3400CEA9C8 /* FirebaseAnalytics in Frameworks */ = {isa = PBXBuildFile; productRef = 1D4C83BE2A4D3F3400CEA9C8 /* FirebaseAnalytics */; };
		1D4C83C12A4D3F3400CEA9C8 /* FirebaseFirestore in Frameworks */ = {isa = PBXBuildFile; productRef = 1D4C83C02A4D3F3400CEA9C8 /* FirebaseFirestore */; };
		1D4C83C32A4D3F3400CEA9C8 /* FirebaseFirestoreSwift in Frameworks */ = {isa = PBXBuildFile; productRef = 1D4C83C22A4D3F3400CEA9C8 /* FirebaseFirestoreSwift */; };
		1D83AE752A4D452A00F04AD1 /* Preview Content in Resources */ = {isa = PBXBuildFile; fileRef = 1D83AE742A4D452A00F04AD1 /* Preview Content */; };
		1D83AE772A4D458D00F04AD1 /* Post.swift in Sources */ = {isa = PBXBuildFile; fileRef = 1D83AE762A4D458D00F04AD1 /* Post.swift */; };
		1D83AE792A4D464100F04AD1 /* PostsList.swift in Sources */ = {isa = PBXBuildFile; fileRef = 1D83AE782A4D464100F04AD1 /* PostsList.swift */; };
		1D83AE7B2A4D481400F04AD1 /* PostRow.swift in Sources */ = {isa = PBXBuildFile; fileRef = 1D83AE7A2A4D481400F04AD1 /* PostRow.swift */; };
		1D83AE7D2A4D4F8C00F04AD1 /* GoogleService-Info.plist in Resources */ = {isa = PBXBuildFile; fileRef = 1D83AE7C2A4D4F8C00F04AD1 /* GoogleService-Info.plist */; };
		1D83AE7F2A4E32B500F04AD1 /* NewPostForm.swift in Sources */ = {isa = PBXBuildFile; fileRef = 1D83AE7E2A4E32B500F04AD1 /* NewPostForm.swift */; };
		1D83AE812A4E838F00F04AD1 /* PostsViewModel.swift in Sources */ = {isa = PBXBuildFile; fileRef = 1D83AE802A4E838F00F04AD1 /* PostsViewModel.swift */; };
		1D83AE842A4E871100F04AD1 /* PostsRepository.swift in Sources */ = {isa = PBXBuildFile; fileRef = 1D83AE832A4E871100F04AD1 /* PostsRepository.swift */; };
		1D83AE872A4E97AE00F04AD1 /* Loadable.swift in Sources */ = {isa = PBXBuildFile; fileRef = 1D83AE862A4E97AE00F04AD1 /* Loadable.swift */; };
		1D83AE8A2A4F45A100F04AD1 /* EmptyListView.swift in Sources */ = {isa = PBXBuildFile; fileRef = 1D83AE892A4F45A100F04AD1 /* EmptyListView.swift */; };
/* End PBXBuildFile section */

/* Begin PBXFileReference section */
		1D4C83AA2A4D3D6500CEA9C8 /* Socialcademy.app */ = {isa = PBXFileReference; explicitFileType = wrapper.application; includeInIndex = 0; path = Socialcademy.app; sourceTree = BUILT_PRODUCTS_DIR; };
		1D4C83AD2A4D3D6500CEA9C8 /* SocialcademyApp.swift */ = {isa = PBXFileReference; lastKnownFileType = sourcecode.swift; path = SocialcademyApp.swift; sourceTree = "<group>"; };
		1D4C83B12A4D3D6600CEA9C8 /* Assets.xcassets */ = {isa = PBXFileReference; lastKnownFileType = folder.assetcatalog; path = Assets.xcassets; sourceTree = "<group>"; };
		1D83AE742A4D452A00F04AD1 /* Preview Content */ = {isa = PBXFileReference; lastKnownFileType = folder; path = "Preview Content"; sourceTree = "<group>"; };
		1D83AE762A4D458D00F04AD1 /* Post.swift */ = {isa = PBXFileReference; lastKnownFileType = sourcecode.swift; path = Post.swift; sourceTree = "<group>"; };
		1D83AE782A4D464100F04AD1 /* PostsList.swift */ = {isa = PBXFileReference; lastKnownFileType = sourcecode.swift; path = PostsList.swift; sourceTree = "<group>"; };
		1D83AE7A2A4D481400F04AD1 /* PostRow.swift */ = {isa = PBXFileReference; lastKnownFileType = sourcecode.swift; path = PostRow.swift; sourceTree = "<group>"; };
		1D83AE7C2A4D4F8C00F04AD1 /* GoogleService-Info.plist */ = {isa = PBXFileReference; fileEncoding = 4; lastKnownFileType = text.plist.xml; path = "GoogleService-Info.plist"; sourceTree = "<group>"; };
		1D83AE7E2A4E32B500F04AD1 /* NewPostForm.swift */ = {isa = PBXFileReference; lastKnownFileType = sourcecode.swift; path = NewPostForm.swift; sourceTree = "<group>"; };
		1D83AE802A4E838F00F04AD1 /* PostsViewModel.swift */ = {isa = PBXFileReference; lastKnownFileType = sourcecode.swift; path = PostsViewModel.swift; sourceTree = "<group>"; };
		1D83AE832A4E871100F04AD1 /* PostsRepository.swift */ = {isa = PBXFileReference; lastKnownFileType = sourcecode.swift; path = PostsRepository.swift; sourceTree = "<group>"; };
		1D83AE862A4E97AE00F04AD1 /* Loadable.swift */ = {isa = PBXFileReference; lastKnownFileType = sourcecode.swift; path = Loadable.swift; sourceTree = "<group>"; };
		1D83AE892A4F45A100F04AD1 /* EmptyListView.swift */ = {isa = PBXFileReference; lastKnownFileType = sourcecode.swift; path = EmptyListView.swift; sourceTree = "<group>"; };
/* End PBXFileReference section */

/* Begin PBXFrameworksBuildPhase section */
		1D4C83A72A4D3D6500CEA9C8 /* Frameworks */ = {
			isa = PBXFrameworksBuildPhase;
			buildActionMask = 2147483647;
			files = (
				1D4C83BF2A4D3F3400CEA9C8 /* FirebaseAnalytics in Frameworks */,
				1D4C83C12A4D3F3400CEA9C8 /* FirebaseFirestore in Frameworks */,
				1D4C83C32A4D3F3400CEA9C8 /* FirebaseFirestoreSwift in Frameworks */,
			);
			runOnlyForDeploymentPostprocessing = 0;
		};
/* End PBXFrameworksBuildPhase section */

/* Begin PBXGroup section */
		1D4C83A12A4D3D6500CEA9C8 = {
			isa = PBXGroup;
			children = (
				1D4C83AC2A4D3D6500CEA9C8 /* Socialcademy */,
				1D4C83AB2A4D3D6500CEA9C8 /* Products */,
			);
			sourceTree = "<group>";
		};
		1D4C83AB2A4D3D6500CEA9C8 /* Products */ = {
			isa = PBXGroup;
			children = (
				1D4C83AA2A4D3D6500CEA9C8 /* Socialcademy.app */,
			);
			name = Products;
			sourceTree = "<group>";
		};
		1D4C83AC2A4D3D6500CEA9C8 /* Socialcademy */ = {
			isa = PBXGroup;
			children = (
				1D83AE882A4F458B00F04AD1 /* SupportingViews */,
				1D83AE852A4E978700F04AD1 /* Utilities */,
				1D83AE822A4E86CB00F04AD1 /* Repositories */,
				1D67B02A2A4D436400C4EE7F /* Views */,
				1D67B0292A4D435700C4EE7F /* ViewModels */,
				1D67B0282A4D434D00C4EE7F /* Models */,
				1D67B02B2A4D438C00C4EE7F /* Resources */,
				1D4C83AD2A4D3D6500CEA9C8 /* SocialcademyApp.swift */,
			);
			path = Socialcademy;
			sourceTree = "<group>";
		};
		1D67B0282A4D434D00C4EE7F /* Models */ = {
			isa = PBXGroup;
			children = (
				1D83AE762A4D458D00F04AD1 /* Post.swift */,
			);
			path = Models;
			sourceTree = "<group>";
		};
		1D67B0292A4D435700C4EE7F /* ViewModels */ = {
			isa = PBXGroup;
			children = (
				1D83AE802A4E838F00F04AD1 /* PostsViewModel.swift */,
			);
			path = ViewModels;
			sourceTree = "<group>";
		};
		1D67B02A2A4D436400C4EE7F /* Views */ = {
			isa = PBXGroup;
			children = (
				1D83AE782A4D464100F04AD1 /* PostsList.swift */,
				1D83AE7A2A4D481400F04AD1 /* PostRow.swift */,
				1D83AE7E2A4E32B500F04AD1 /* NewPostForm.swift */,
			);
			path = Views;
			sourceTree = "<group>";
		};
		1D67B02B2A4D438C00C4EE7F /* Resources */ = {
			isa = PBXGroup;
			children = (
				1D83AE7C2A4D4F8C00F04AD1 /* GoogleService-Info.plist */,
				1D4C83B12A4D3D6600CEA9C8 /* Assets.xcassets */,
				1D83AE742A4D452A00F04AD1 /* Preview Content */,
			);
			path = Resources;
			sourceTree = "<group>";
		};
		1D83AE822A4E86CB00F04AD1 /* Repositories */ = {
			isa = PBXGroup;
			children = (
				1D83AE832A4E871100F04AD1 /* PostsRepository.swift */,
			);
			path = Repositories;
			sourceTree = "<group>";
		};
		1D83AE852A4E978700F04AD1 /* Utilities */ = {
			isa = PBXGroup;
			children = (
				1D83AE862A4E97AE00F04AD1 /* Loadable.swift */,
			);
			path = Utilities;
			sourceTree = "<group>";
		};
		1D83AE882A4F458B00F04AD1 /* SupportingViews */ = {
			isa = PBXGroup;
			children = (
				1D83AE892A4F45A100F04AD1 /* EmptyListView.swift */,
			);
			path = SupportingViews;
			sourceTree = "<group>";
		};
/* End PBXGroup section */

/* Begin PBXNativeTarget section */
		1D4C83A92A4D3D6500CEA9C8 /* Socialcademy */ = {
			isa = PBXNativeTarget;
			buildConfigurationList = 1D4C83B82A4D3D6600CEA9C8 /* Build configuration list for PBXNativeTarget "Socialcademy" */;
			buildPhases = (
				1D4C83A62A4D3D6500CEA9C8 /* Sources */,
				1D4C83A72A4D3D6500CEA9C8 /* Frameworks */,
				1D4C83A82A4D3D6500CEA9C8 /* Resources */,
			);
			buildRules = (
			);
			dependencies = (
			);
			name = Socialcademy;
			packageProductDependencies = (
				1D4C83BE2A4D3F3400CEA9C8 /* FirebaseAnalytics */,
				1D4C83C02A4D3F3400CEA9C8 /* FirebaseFirestore */,
				1D4C83C22A4D3F3400CEA9C8 /* FirebaseFirestoreSwift */,
			);
			productName = Socialcademy;
			productReference = 1D4C83AA2A4D3D6500CEA9C8 /* Socialcademy.app */;
			productType = "com.apple.product-type.application";
		};
/* End PBXNativeTarget section */

/* Begin PBXProject section */
		1D4C83A22A4D3D6500CEA9C8 /* Project object */ = {
			isa = PBXProject;
			attributes = {
				BuildIndependentTargetsInParallel = 1;
				LastSwiftUpdateCheck = 1430;
				LastUpgradeCheck = 1430;
				TargetAttributes = {
					1D4C83A92A4D3D6500CEA9C8 = {
						CreatedOnToolsVersion = 14.3;
					};
				};
			};
			buildConfigurationList = 1D4C83A52A4D3D6500CEA9C8 /* Build configuration list for PBXProject "Socialcademy" */;
			compatibilityVersion = "Xcode 14.0";
			developmentRegion = en;
			hasScannedForEncodings = 0;
			knownRegions = (
				en,
				Base,
			);
			mainGroup = 1D4C83A12A4D3D6500CEA9C8;
			packageReferences = (
				1D4C83BD2A4D3F3400CEA9C8 /* XCRemoteSwiftPackageReference "firebase-ios-sdk" */,
			);
			productRefGroup = 1D4C83AB2A4D3D6500CEA9C8 /* Products */;
			projectDirPath = "";
			projectRoot = "";
			targets = (
				1D4C83A92A4D3D6500CEA9C8 /* Socialcademy */,
			);
		};
/* End PBXProject section */

/* Begin PBXResourcesBuildPhase section */
		1D4C83A82A4D3D6500CEA9C8 /* Resources */ = {
			isa = PBXResourcesBuildPhase;
			buildActionMask = 2147483647;
			files = (
				1D83AE752A4D452A00F04AD1 /* Preview Content in Resources */,
				1D4C83B22A4D3D6600CEA9C8 /* Assets.xcassets in Resources */,
				1D83AE7D2A4D4F8C00F04AD1 /* GoogleService-Info.plist in Resources */,
			);
			runOnlyForDeploymentPostprocessing = 0;
		};
/* End PBXResourcesBuildPhase section */

/* Begin PBXSourcesBuildPhase section */
		1D4C83A62A4D3D6500CEA9C8 /* Sources */ = {
			isa = PBXSourcesBuildPhase;
			buildActionMask = 2147483647;
			files = (
				1D83AE772A4D458D00F04AD1 /* Post.swift in Sources */,
				1D4C83AE2A4D3D6500CEA9C8 /* SocialcademyApp.swift in Sources */,
				1D83AE842A4E871100F04AD1 /* PostsRepository.swift in Sources */,
				1D83AE812A4E838F00F04AD1 /* PostsViewModel.swift in Sources */,
				1D83AE7B2A4D481400F04AD1 /* PostRow.swift in Sources */,
				1D83AE872A4E97AE00F04AD1 /* Loadable.swift in Sources */,
				1D83AE792A4D464100F04AD1 /* PostsList.swift in Sources */,
				1D83AE7F2A4E32B500F04AD1 /* NewPostForm.swift in Sources */,
				1D83AE8A2A4F45A100F04AD1 /* EmptyListView.swift in Sources */,
			);
			runOnlyForDeploymentPostprocessing = 0;
		};
/* End PBXSourcesBuildPhase section */

/* Begin XCBuildConfiguration section */
		1D4C83B62A4D3D6600CEA9C8 /* Debug */ = {
			isa = XCBuildConfiguration;
			buildSettings = {
				ALWAYS_SEARCH_USER_PATHS = NO;
				CLANG_ANALYZER_NONNULL = YES;
				CLANG_ANALYZER_NUMBER_OBJECT_CONVERSION = YES_AGGRESSIVE;
				CLANG_CXX_LANGUAGE_STANDARD = "gnu++20";
				CLANG_ENABLE_MODULES = YES;
				CLANG_ENABLE_OBJC_ARC = YES;
				CLANG_ENABLE_OBJC_WEAK = YES;
				CLANG_WARN_BLOCK_CAPTURE_AUTORELEASING = YES;
				CLANG_WARN_BOOL_CONVERSION = YES;
				CLANG_WARN_COMMA = YES;
				CLANG_WARN_CONSTANT_CONVERSION = YES;
				CLANG_WARN_DEPRECATED_OBJC_IMPLEMENTATIONS = YES;
				CLANG_WARN_DIRECT_OBJC_ISA_USAGE = YES_ERROR;
				CLANG_WARN_DOCUMENTATION_COMMENTS = YES;
				CLANG_WARN_EMPTY_BODY = YES;
				CLANG_WARN_ENUM_CONVERSION = YES;
				CLANG_WARN_INFINITE_RECURSION = YES;
				CLANG_WARN_INT_CONVERSION = YES;
				CLANG_WARN_NON_LITERAL_NULL_CONVERSION = YES;
				CLANG_WARN_OBJC_IMPLICIT_RETAIN_SELF = YES;
				CLANG_WARN_OBJC_LITERAL_CONVERSION = YES;
				CLANG_WARN_OBJC_ROOT_CLASS = YES_ERROR;
				CLANG_WARN_QUOTED_INCLUDE_IN_FRAMEWORK_HEADER = YES;
				CLANG_WARN_RANGE_LOOP_ANALYSIS = YES;
				CLANG_WARN_STRICT_PROTOTYPES = YES;
				CLANG_WARN_SUSPICIOUS_MOVE = YES;
				CLANG_WARN_UNGUARDED_AVAILABILITY = YES_AGGRESSIVE;
				CLANG_WARN_UNREACHABLE_CODE = YES;
				CLANG_WARN__DUPLICATE_METHOD_MATCH = YES;
				COPY_PHASE_STRIP = NO;
				DEBUG_INFORMATION_FORMAT = dwarf;
				ENABLE_STRICT_OBJC_MSGSEND = YES;
				ENABLE_TESTABILITY = YES;
				GCC_C_LANGUAGE_STANDARD = gnu11;
				GCC_DYNAMIC_NO_PIC = NO;
				GCC_NO_COMMON_BLOCKS = YES;
				GCC_OPTIMIZATION_LEVEL = 0;
				GCC_PREPROCESSOR_DEFINITIONS = (
					"DEBUG=1",
					"$(inherited)",
				);
				GCC_WARN_64_TO_32_BIT_CONVERSION = YES;
				GCC_WARN_ABOUT_RETURN_TYPE = YES_ERROR;
				GCC_WARN_UNDECLARED_SELECTOR = YES;
				GCC_WARN_UNINITIALIZED_AUTOS = YES_AGGRESSIVE;
				GCC_WARN_UNUSED_FUNCTION = YES;
				GCC_WARN_UNUSED_VARIABLE = YES;
				IPHONEOS_DEPLOYMENT_TARGET = 16.4;
				MTL_ENABLE_DEBUG_INFO = INCLUDE_SOURCE;
				MTL_FAST_MATH = YES;
				ONLY_ACTIVE_ARCH = YES;
				SDKROOT = iphoneos;
				SWIFT_ACTIVE_COMPILATION_CONDITIONS = DEBUG;
				SWIFT_OPTIMIZATION_LEVEL = "-Onone";
			};
			name = Debug;
		};
		1D4C83B72A4D3D6600CEA9C8 /* Release */ = {
			isa = XCBuildConfiguration;
			buildSettings = {
				ALWAYS_SEARCH_USER_PATHS = NO;
				CLANG_ANALYZER_NONNULL = YES;
				CLANG_ANALYZER_NUMBER_OBJECT_CONVERSION = YES_AGGRESSIVE;
				CLANG_CXX_LANGUAGE_STANDARD = "gnu++20";
				CLANG_ENABLE_MODULES = YES;
				CLANG_ENABLE_OBJC_ARC = YES;
				CLANG_ENABLE_OBJC_WEAK = YES;
				CLANG_WARN_BLOCK_CAPTURE_AUTORELEASING = YES;
				CLANG_WARN_BOOL_CONVERSION = YES;
				CLANG_WARN_COMMA = YES;
				CLANG_WARN_CONSTANT_CONVERSION = YES;
				CLANG_WARN_DEPRECATED_OBJC_IMPLEMENTATIONS = YES;
				CLANG_WARN_DIRECT_OBJC_ISA_USAGE = YES_ERROR;
				CLANG_WARN_DOCUMENTATION_COMMENTS = YES;
				CLANG_WARN_EMPTY_BODY = YES;
				CLANG_WARN_ENUM_CONVERSION = YES;
				CLANG_WARN_INFINITE_RECURSION = YES;
				CLANG_WARN_INT_CONVERSION = YES;
				CLANG_WARN_NON_LITERAL_NULL_CONVERSION = YES;
				CLANG_WARN_OBJC_IMPLICIT_RETAIN_SELF = YES;
				CLANG_WARN_OBJC_LITERAL_CONVERSION = YES;
				CLANG_WARN_OBJC_ROOT_CLASS = YES_ERROR;
				CLANG_WARN_QUOTED_INCLUDE_IN_FRAMEWORK_HEADER = YES;
				CLANG_WARN_RANGE_LOOP_ANALYSIS = YES;
				CLANG_WARN_STRICT_PROTOTYPES = YES;
				CLANG_WARN_SUSPICIOUS_MOVE = YES;
				CLANG_WARN_UNGUARDED_AVAILABILITY = YES_AGGRESSIVE;
				CLANG_WARN_UNREACHABLE_CODE = YES;
				CLANG_WARN__DUPLICATE_METHOD_MATCH = YES;
				COPY_PHASE_STRIP = NO;
				DEBUG_INFORMATION_FORMAT = "dwarf-with-dsym";
				ENABLE_NS_ASSERTIONS = NO;
				ENABLE_STRICT_OBJC_MSGSEND = YES;
				GCC_C_LANGUAGE_STANDARD = gnu11;
				GCC_NO_COMMON_BLOCKS = YES;
				GCC_WARN_64_TO_32_BIT_CONVERSION = YES;
				GCC_WARN_ABOUT_RETURN_TYPE = YES_ERROR;
				GCC_WARN_UNDECLARED_SELECTOR = YES;
				GCC_WARN_UNINITIALIZED_AUTOS = YES_AGGRESSIVE;
				GCC_WARN_UNUSED_FUNCTION = YES;
				GCC_WARN_UNUSED_VARIABLE = YES;
				IPHONEOS_DEPLOYMENT_TARGET = 16.4;
				MTL_ENABLE_DEBUG_INFO = NO;
				MTL_FAST_MATH = YES;
				SDKROOT = iphoneos;
				SWIFT_COMPILATION_MODE = wholemodule;
				SWIFT_OPTIMIZATION_LEVEL = "-O";
				VALIDATE_PRODUCT = YES;
			};
			name = Release;
		};
		1D4C83B92A4D3D6600CEA9C8 /* Debug */ = {
			isa = XCBuildConfiguration;
			buildSettings = {
				ASSETCATALOG_COMPILER_APPICON_NAME = AppIcon;
				ASSETCATALOG_COMPILER_GLOBAL_ACCENT_COLOR_NAME = AccentColor;
				CODE_SIGN_STYLE = Automatic;
				CURRENT_PROJECT_VERSION = 1;
				DEVELOPMENT_ASSET_PATHS = "Socialcademy/Resources/Preview\\ Content";
				DEVELOPMENT_TEAM = JCQD5BHT7L;
				ENABLE_PREVIEWS = YES;
				GENERATE_INFOPLIST_FILE = YES;
				INFOPLIST_KEY_UIApplicationSceneManifest_Generation = YES;
				INFOPLIST_KEY_UIApplicationSupportsIndirectInputEvents = YES;
				INFOPLIST_KEY_UILaunchScreen_Generation = YES;
				INFOPLIST_KEY_UISupportedInterfaceOrientations_iPad = "UIInterfaceOrientationPortrait UIInterfaceOrientationPortraitUpsideDown UIInterfaceOrientationLandscapeLeft UIInterfaceOrientationLandscapeRight";
				INFOPLIST_KEY_UISupportedInterfaceOrientations_iPhone = "UIInterfaceOrientationPortrait UIInterfaceOrientationLandscapeLeft UIInterfaceOrientationLandscapeRight";
				IPHONEOS_DEPLOYMENT_TARGET = 15.0;
				LD_RUNPATH_SEARCH_PATHS = (
					"$(inherited)",
					"@executable_path/Frameworks",
				);
				MARKETING_VERSION = 1.0;
				PRODUCT_BUNDLE_IDENTIFIER = com.onedare.Socialcademy;
				PRODUCT_NAME = "$(TARGET_NAME)";
				SUPPORTED_PLATFORMS = "iphoneos iphonesimulator";
				SUPPORTS_MACCATALYST = NO;
				SUPPORTS_MAC_DESIGNED_FOR_IPHONE_IPAD = NO;
				SWIFT_EMIT_LOC_STRINGS = YES;
				SWIFT_VERSION = 5.0;
				TARGETED_DEVICE_FAMILY = 1;
			};
			name = Debug;
		};
		1D4C83BA2A4D3D6600CEA9C8 /* Release */ = {
			isa = XCBuildConfiguration;
			buildSettings = {
				ASSETCATALOG_COMPILER_APPICON_NAME = AppIcon;
				ASSETCATALOG_COMPILER_GLOBAL_ACCENT_COLOR_NAME = AccentColor;
				CODE_SIGN_STYLE = Automatic;
				CURRENT_PROJECT_VERSION = 1;
				DEVELOPMENT_ASSET_PATHS = "Socialcademy/Resources/Preview\\ Content";
				DEVELOPMENT_TEAM = JCQD5BHT7L;
				ENABLE_PREVIEWS = YES;
				GENERATE_INFOPLIST_FILE = YES;
				INFOPLIST_KEY_UIApplicationSceneManifest_Generation = YES;
				INFOPLIST_KEY_UIApplicationSupportsIndirectInputEvents = YES;
				INFOPLIST_KEY_UILaunchScreen_Generation = YES;
				INFOPLIST_KEY_UISupportedInterfaceOrientations_iPad = "UIInterfaceOrientationPortrait UIInterfaceOrientationPortraitUpsideDown UIInterfaceOrientationLandscapeLeft UIInterfaceOrientationLandscapeRight";
				INFOPLIST_KEY_UISupportedInterfaceOrientations_iPhone = "UIInterfaceOrientationPortrait UIInterfaceOrientationLandscapeLeft UIInterfaceOrientationLandscapeRight";
				IPHONEOS_DEPLOYMENT_TARGET = 15.0;
				LD_RUNPATH_SEARCH_PATHS = (
					"$(inherited)",
					"@executable_path/Frameworks",
				);
				MARKETING_VERSION = 1.0;
				PRODUCT_BUNDLE_IDENTIFIER = com.onedare.Socialcademy;
				PRODUCT_NAME = "$(TARGET_NAME)";
				SUPPORTED_PLATFORMS = "iphoneos iphonesimulator";
				SUPPORTS_MACCATALYST = NO;
				SUPPORTS_MAC_DESIGNED_FOR_IPHONE_IPAD = NO;
				SWIFT_EMIT_LOC_STRINGS = YES;
				SWIFT_VERSION = 5.0;
				TARGETED_DEVICE_FAMILY = 1;
			};
			name = Release;
		};
/* End XCBuildConfiguration section */

/* Begin XCConfigurationList section */
		1D4C83A52A4D3D6500CEA9C8 /* Build configuration list for PBXProject "Socialcademy" */ = {
			isa = XCConfigurationList;
			buildConfigurations = (
				1D4C83B62A4D3D6600CEA9C8 /* Debug */,
				1D4C83B72A4D3D6600CEA9C8 /* Release */,
			);
			defaultConfigurationIsVisible = 0;
			defaultConfigurationName = Release;
		};
		1D4C83B82A4D3D6600CEA9C8 /* Build configuration list for PBXNativeTarget "Socialcademy" */ = {
			isa = XCConfigurationList;
			buildConfigurations = (
				1D4C83B92A4D3D6600CEA9C8 /* Debug */,
				1D4C83BA2A4D3D6600CEA9C8 /* Release */,
			);
			defaultConfigurationIsVisible = 0;
			defaultConfigurationName = Release;
		};
/* End XCConfigurationList section */

/* Begin XCRemoteSwiftPackageReference section */
		1D4C83BD2A4D3F3400CEA9C8 /* XCRemoteSwiftPackageReference "firebase-ios-sdk" */ = {
			isa = XCRemoteSwiftPackageReference;
			repositoryURL = "https://github.com/firebase/firebase-ios-sdk";
			requirement = {
				kind = upToNextMajorVersion;
				minimumVersion = 10.0.0;
			};
		};
/* End XCRemoteSwiftPackageReference section */

/* Begin XCSwiftPackageProductDependency section */
		1D4C83BE2A4D3F3400CEA9C8 /* FirebaseAnalytics */ = {
			isa = XCSwiftPackageProductDependency;
			package = 1D4C83BD2A4D3F3400CEA9C8 /* XCRemoteSwiftPackageReference "firebase-ios-sdk" */;
			productName = FirebaseAnalytics;
		};
		1D4C83C02A4D3F3400CEA9C8 /* FirebaseFirestore */ = {
			isa = XCSwiftPackageProductDependency;
			package = 1D4C83BD2A4D3F3400CEA9C8 /* XCRemoteSwiftPackageReference "firebase-ios-sdk" */;
			productName = FirebaseFirestore;
		};
		1D4C83C22A4D3F3400CEA9C8 /* FirebaseFirestoreSwift */ = {
			isa = XCSwiftPackageProductDependency;
			package = 1D4C83BD2A4D3F3400CEA9C8 /* XCRemoteSwiftPackageReference "firebase-ios-sdk" */;
			productName = FirebaseFirestoreSwift;
		};
/* End XCSwiftPackageProductDependency section */
	};
	rootObject = 1D4C83A22A4D3D6500CEA9C8 /* Project object */;
}
